
Microsoft Visual Studio Solution File, Format Version 12.00
# Visual Studio Version 16
VisualStudioVersion = 16.0.30104.148
MinimumVisualStudioVersion = 10.0.40219.1
Project("{FAE04EC0-301F-11D3-BF4B-00C04F79EFBC}") = "MenuChanger", "MenuChanger\MenuChanger.csproj", "{D4361348-A69E-4CDD-988E-7AC0B7EDA035}"
EndProject
Global
	GlobalSection(SolutionConfigurationPlatforms) = preSolution
		Debug|Any CPU = Debug|Any CPU
		Release|Any CPU = Release|Any CPU
	EndGlobalSection
	GlobalSection(ProjectConfigurationPlatforms) = postSolution
		{D4361348-A69E-4CDD-988E-7AC0B7EDA035}.Debug|Any CPU.ActiveCfg = Debug|Any CPU
		{D4361348-A69E-4CDD-988E-7AC0B7EDA035}.Debug|Any CPU.Build.0 = Debug|Any CPU
		{D4361348-A69E-4CDD-988E-7AC0B7EDA035}.Release|Any CPU.ActiveCfg = Release|Any CPU
		{D4361348-A69E-4CDD-988E-7AC0B7EDA035}.Release|Any CPU.Build.0 = Release|Any CPU
	EndGlobalSection
	GlobalSection(SolutionProperties) = preSolution
		HideSolutionNode = FALSE
	EndGlobalSection
	GlobalSection(ExtensibilityGlobals) = postSolution
		SolutionGuid = {266B56A7-A0AE-4758-8056-BA76B90C2A58}
	EndGlobalSection
EndGlobal
